
Microsoft Visual Studio Solution File, Format Version 12.00
# Visual Studio Version 17
VisualStudioVersion = 17.5.33502.453
MinimumVisualStudioVersion = 10.0.40219.1
Project("{FAE04EC0-301F-11D3-BF4B-00C04F79EFBC}") = "ASPNETIDEnTITYAPP", "ASPNETIDEnTITYAPP\ASPNETIDEnTITYAPP.csproj", "{9CC1EFC0-C788-493F-BA99-958916156743}"
EndProject
Global
	GlobalSection(SolutionConfigurationPlatforms) = preSolution
		Debug|Any CPU = Debug|Any CPU
		Release|Any CPU = Release|Any CPU
	EndGlobalSection
	GlobalSection(ProjectConfigurationPlatforms) = postSolution
		{9CC1EFC0-C788-493F-BA99-958916156743}.Debug|Any CPU.ActiveCfg = Debug|Any CPU
		{9CC1EFC0-C788-493F-BA99-958916156743}.Debug|Any CPU.Build.0 = Debug|Any CPU
		{9CC1EFC0-C788-493F-BA99-958916156743}.Release|Any CPU.ActiveCfg = Release|Any CPU
		{9CC1EFC0-C788-493F-BA99-958916156743}.Release|Any CPU.Build.0 = Release|Any CPU
	EndGlobalSection
	GlobalSection(SolutionProperties) = preSolution
		HideSolutionNode = FALSE
	EndGlobalSection
	GlobalSection(ExtensibilityGlobals) = postSolution
		SolutionGuid = {5B8D60C9-7682-4B60-9BFF-FABF020D0710}
	EndGlobalSection
EndGlobal
